
Microsoft Visual Studio Solution File, Format Version 12.00
# Visual Studio 2012
Project("{FAE04EC0-301F-11D3-BF4B-00C04F79EFBC}") = "VisSatellite", "vissatellite.mac\vissatellite.mac.csproj", "{1D3B62E2-9919-4FC2-AA79-B03130F16B41}"
EndProject
Global
	GlobalSection(SolutionConfigurationPlatforms) = preSolution
		Debug|x86 = Debug|x86
		Release|x86 = Release|x86
	EndGlobalSection
	GlobalSection(ProjectConfigurationPlatforms) = postSolution
		{1D3B62E2-9919-4FC2-AA79-B03130F16B41}.Debug|x86.ActiveCfg = Debug|x86
		{1D3B62E2-9919-4FC2-AA79-B03130F16B41}.Debug|x86.Build.0 = Debug|x86
		{1D3B62E2-9919-4FC2-AA79-B03130F16B41}.Release|x86.ActiveCfg = Release|x86
		{1D3B62E2-9919-4FC2-AA79-B03130F16B41}.Release|x86.Build.0 = Release|x86
	EndGlobalSection
EndGlobal
